schema: '2.0'
stages:
  data_collection:
    cmd: uv run python -m src.pipeline.data_collection
    deps:
    - path: src/config.py
      hash: md5
      md5: 419c1cb29c6248d7e5fc8601f6a2656a
      size: 1613
    - path: src/logs.py
      hash: md5
      md5: e4b6a25cb94fc98e3ad8d72ee3a13aef
      size: 776
    - path: src/pipeline/data_collection.py
      hash: md5
      md5: 2275ad4a0fa898e8077fe8f030c33c8f
      size: 1005
    outs:
    - path: artifacts/data/raw
      hash: md5
      md5: 4ecc3e06c09e9e7e80fcec125003939e.dir
      size: 3217845
      nfiles: 1
  data_cleaning:
    cmd: uv run python -m src.pipeline.data_cleaning
    deps:
    - path: artifacts/data/raw
      hash: md5
      md5: 4ecc3e06c09e9e7e80fcec125003939e.dir
      size: 3217845
      nfiles: 1
    - path: src/config.py
      hash: md5
      md5: 419c1cb29c6248d7e5fc8601f6a2656a
      size: 1613
    - path: src/logs.py
      hash: md5
      md5: e4b6a25cb94fc98e3ad8d72ee3a13aef
      size: 776
    - path: src/pipeline/data_cleaning.py
      hash: md5
      md5: 019022438b8b6ca6060c05c85b692bb7
      size: 1006
    outs:
    - path: artifacts/data/processed
      hash: md5
      md5: 7c18f659bda089c71935410861fdb656.dir
      size: 2842696
      nfiles: 1
  data_split:
    cmd: uv run python -m src.pipeline.data_split
    deps:
    - path: artifacts/data/processed
      hash: md5
      md5: 7c18f659bda089c71935410861fdb656.dir
      size: 2842696
      nfiles: 1
    - path: src/config.py
      hash: md5
      md5: 419c1cb29c6248d7e5fc8601f6a2656a
      size: 1613
    - path: src/logs.py
      hash: md5
      md5: e4b6a25cb94fc98e3ad8d72ee3a13aef
      size: 776
    - path: src/pipeline/data_split.py
      hash: md5
      md5: a9477e50e60fca64087a13cf14604b2c
      size: 1329
    outs:
    - path: artifacts/data/split
      hash: md5
      md5: 373634af659bdeb4a26a0556eda3e45d.dir
      size: 2842827
      nfiles: 2
  feature_engineering:
    cmd: uv run python -m src.pipeline.feature_engineering
    deps:
    - path: artifacts/data/split
      hash: md5
      md5: 373634af659bdeb4a26a0556eda3e45d.dir
      size: 2842827
      nfiles: 2
    - path: src/config.py
      hash: md5
      md5: 419c1cb29c6248d7e5fc8601f6a2656a
      size: 1613
    - path: src/logs.py
      hash: md5
      md5: e4b6a25cb94fc98e3ad8d72ee3a13aef
      size: 776
    - path: src/pipeline/feature_engineering.py
      hash: md5
      md5: 0aa2273ca8256250ccf692f0ee4905cc
      size: 2548
    outs:
    - path: artifacts/data/features
      hash: md5
      md5: e82a36f54a74823a07042e0cbaa78365.dir
      size: 2711037
      nfiles: 2
    - path: artifacts/models/preprocessor.joblib
      hash: md5
      md5: c4821fbd3cb039947bd4f11fd5543a47
      size: 2222
  model_training:
    cmd: uv run python -m src.pipeline.model_training
    deps:
    - path: artifacts/data/features
      hash: md5
      md5: e82a36f54a74823a07042e0cbaa78365.dir
      size: 2711037
      nfiles: 2
    - path: artifacts/models/preprocessor.joblib
      hash: md5
      md5: c4821fbd3cb039947bd4f11fd5543a47
      size: 2222
    - path: params.yaml
      hash: md5
      md5: 10136c4b0ba1073cbd919bfabfa072f0
      size: 349
    - path: src/config.py
      hash: md5
      md5: 419c1cb29c6248d7e5fc8601f6a2656a
      size: 1613
    - path: src/logs.py
      hash: md5
      md5: e4b6a25cb94fc98e3ad8d72ee3a13aef
      size: 776
    - path: src/pipeline/model_training.py
      hash: md5
      md5: eab0e8fabac12bfb5bfd671d483c5147
      size: 2308
    outs:
    - path: artifacts/models/model.json
      hash: md5
      md5: 5d461902f6a52214ff752bf88f31b45b
      size: 500406
  model_evaluation:
    cmd: uv run python -m src.pipeline.model_evaluation
    deps:
    - path: artifacts/data/features
      hash: md5
      md5: e82a36f54a74823a07042e0cbaa78365.dir
      size: 2711037
      nfiles: 2
    - path: artifacts/models/model.json
      hash: md5
      md5: 5d461902f6a52214ff752bf88f31b45b
      size: 500406
    - path: artifacts/models/preprocessor.joblib
      hash: md5
      md5: c4821fbd3cb039947bd4f11fd5543a47
      size: 2222
    - path: params.yaml
      hash: md5
      md5: 10136c4b0ba1073cbd919bfabfa072f0
      size: 349
    - path: src/config.py
      hash: md5
      md5: 419c1cb29c6248d7e5fc8601f6a2656a
      size: 1613
    - path: src/logs.py
      hash: md5
      md5: e4b6a25cb94fc98e3ad8d72ee3a13aef
      size: 776
    - path: src/pipeline/model_evaluation.py
      hash: md5
      md5: d5f96519f0d612cdb1bb38a17f44cb15
      size: 2011
